{
    "requires": true,
    "lockfileVersion": 1,
    "dependencies": {
        "@fortawesome/fontawesome-pro-regular": {
            "version": "5.0.2",
            "resolved": "https://npm.fontawesome.com/1B9FBAF4-CE97-481B-BA20-5BF4DC19CB52/@fortawesome/fontawesome-pro-regular/-/fontawesome-pro-regular-5.0.2.tgz",
            "integrity": "sha512-SQnlAYZ5lhERBDWJ6PhkNWmMLkRaFLVDLOYFL5nrhaxgozZ3UXHY6cKwHXYEmUU1QsVFcudxiEBAFrf6PNZnFA=="
        },
        "@fortawesome/fontawesome-pro-solid": {
            "version": "5.0.2",
            "resolved": "https://npm.fontawesome.com/1B9FBAF4-CE97-481B-BA20-5BF4DC19CB52/@fortawesome/fontawesome-pro-solid/-/fontawesome-pro-solid-5.0.2.tgz",
            "integrity": "sha512-vP8vAL0RELlgjYcqXUh/4eSRx6fhh+1WN/CJLlC9aHqMo0KhqSH8yPwjkXoPIrr2VeO1RAOI31BGBS/hOgeL4Q=="
        }
    }
}
